// !$*UTF8*$!
{
	archiveVersion = 1;
	classes = {
	};
	objectVersion = 56;
	objects = {

/* Begin PBXBuildFile section */
		54211A4E2A480DC5000EB02E /* AppDelegate.swift in Sources */ = {isa = PBXBuildFile; fileRef = 54211A4D2A480DC5000EB02E /* AppDelegate.swift */; };
		54211A502A480DC5000EB02E /* SceneDelegate.swift in Sources */ = {isa = PBXBuildFile; fileRef = 54211A4F2A480DC5000EB02E /* SceneDelegate.swift */; };
		54211A522A480DC5000EB02E /* MainTabBarViewController.swift in Sources */ = {isa = PBXBuildFile; fileRef = 54211A512A480DC5000EB02E /* MainTabBarViewController.swift */; };
		54211A572A480DC6000EB02E /* Assets.xcassets in Resources */ = {isa = PBXBuildFile; fileRef = 54211A562A480DC6000EB02E /* Assets.xcassets */; };
		54211A5A2A480DC6000EB02E /* LaunchScreen.storyboard in Resources */ = {isa = PBXBuildFile; fileRef = 54211A582A480DC6000EB02E /* LaunchScreen.storyboard */; };
		54211A632A481181000EB02E /* HomeViewController.swift in Sources */ = {isa = PBXBuildFile; fileRef = 54211A622A481181000EB02E /* HomeViewController.swift */; };
		54211A652A4811E4000EB02E /* UpcomingViewController.swift in Sources */ = {isa = PBXBuildFile; fileRef = 54211A642A4811E4000EB02E /* UpcomingViewController.swift */; };
		54211A672A481205000EB02E /* SearchViewController.swift in Sources */ = {isa = PBXBuildFile; fileRef = 54211A662A481205000EB02E /* SearchViewController.swift */; };
		54211A6A2A48211A000EB02E /* DownloadsViewController.swift in Sources */ = {isa = PBXBuildFile; fileRef = 54211A692A48211A000EB02E /* DownloadsViewController.swift */; };
		54211A732A482839000EB02E /* CollectionViewTableViewCell.swift in Sources */ = {isa = PBXBuildFile; fileRef = 54211A722A482839000EB02E /* CollectionViewTableViewCell.swift */; };
		54211A752A482EA6000EB02E /* HeroHeaderUIView.swift in Sources */ = {isa = PBXBuildFile; fileRef = 54211A742A482EA6000EB02E /* HeroHeaderUIView.swift */; };
		5474D8072A4ABEDE00F57146 /* Title.swift in Sources */ = {isa = PBXBuildFile; fileRef = 5474D8062A4ABEDE00F57146 /* Title.swift */; };
		5474D8092A4AC3B800F57146 /* Extensions.swift in Sources */ = {isa = PBXBuildFile; fileRef = 5474D8082A4AC3B800F57146 /* Extensions.swift */; };
		5474D80D2A4AD2AA00F57146 /* TitleCollectionViewCell.swift in Sources */ = {isa = PBXBuildFile; fileRef = 5474D80C2A4AD2AA00F57146 /* TitleCollectionViewCell.swift */; };
		5474D8102A4AD42A00F57146 /* SDWebImage in Frameworks */ = {isa = PBXBuildFile; productRef = 5474D80F2A4AD42A00F57146 /* SDWebImage */; };
		5474D8122A4AD42A00F57146 /* SDWebImageMapKit in Frameworks */ = {isa = PBXBuildFile; productRef = 5474D8112A4AD42A00F57146 /* SDWebImageMapKit */; };
		5474D8142A4B501400F57146 /* TitleTableViewCell.swift in Sources */ = {isa = PBXBuildFile; fileRef = 5474D8132A4B501400F57146 /* TitleTableViewCell.swift */; };
		5474D8162A4B577800F57146 /* TitleViewModel.swift in Sources */ = {isa = PBXBuildFile; fileRef = 5474D8152A4B577800F57146 /* TitleViewModel.swift */; };
		547C5A7A2A49AF51004618A0 /* APICaller.swift in Sources */ = {isa = PBXBuildFile; fileRef = 547C5A792A49AF51004618A0 /* APICaller.swift */; };
/* End PBXBuildFile section */

/* Begin PBXFileReference section */
		54211A4A2A480DC5000EB02E /* Netflix Clone.app */ = {isa = PBXFileReference; explicitFileType = wrapper.application; includeInIndex = 0; path = "Netflix Clone.app"; sourceTree = BUILT_PRODUCTS_DIR; };
		54211A4D2A480DC5000EB02E /* AppDelegate.swift */ = {isa = PBXFileReference; lastKnownFileType = sourcecode.swift; path = AppDelegate.swift; sourceTree = "<group>"; };
		54211A4F2A480DC5000EB02E /* SceneDelegate.swift */ = {isa = PBXFileReference; lastKnownFileType = sourcecode.swift; path = SceneDelegate.swift; sourceTree = "<group>"; };
		54211A512A480DC5000EB02E /* MainTabBarViewController.swift */ = {isa = PBXFileReference; lastKnownFileType = sourcecode.swift; path = MainTabBarViewController.swift; sourceTree = "<group>"; };
		54211A562A480DC6000EB02E /* Assets.xcassets */ = {isa = PBXFileReference; lastKnownFileType = folder.assetcatalog; path = Assets.xcassets; sourceTree = "<group>"; };
		54211A592A480DC6000EB02E /* Base */ = {isa = PBXFileReference; lastKnownFileType = file.storyboard; name = Base; path = Base.lproj/LaunchScreen.storyboard; sourceTree = "<group>"; };
		54211A5B2A480DC6000EB02E /* Info.plist */ = {isa = PBXFileReference; lastKnownFileType = text.plist.xml; path = Info.plist; sourceTree = "<group>"; };
		54211A622A481181000EB02E /* HomeViewController.swift */ = {isa = PBXFileReference; lastKnownFileType = sourcecode.swift; path = HomeViewController.swift; sourceTree = "<group>"; };
		54211A642A4811E4000EB02E /* UpcomingViewController.swift */ = {isa = PBXFileReference; lastKnownFileType = sourcecode.swift; path = UpcomingViewController.swift; sourceTree = "<group>"; };
		54211A662A481205000EB02E /* SearchViewController.swift */ = {isa = PBXFileReference; lastKnownFileType = sourcecode.swift; path = SearchViewController.swift; sourceTree = "<group>"; };
		54211A692A48211A000EB02E /* DownloadsViewController.swift */ = {isa = PBXFileReference; lastKnownFileType = sourcecode.swift; path = DownloadsViewController.swift; sourceTree = "<group>"; };
		54211A722A482839000EB02E /* CollectionViewTableViewCell.swift */ = {isa = PBXFileReference; lastKnownFileType = sourcecode.swift; path = CollectionViewTableViewCell.swift; sourceTree = "<group>"; };
		54211A742A482EA6000EB02E /* HeroHeaderUIView.swift */ = {isa = PBXFileReference; lastKnownFileType = sourcecode.swift; path = HeroHeaderUIView.swift; sourceTree = "<group>"; };
		5474D8062A4ABEDE00F57146 /* Title.swift */ = {isa = PBXFileReference; lastKnownFileType = sourcecode.swift; path = Title.swift; sourceTree = "<group>"; };
		5474D8082A4AC3B800F57146 /* Extensions.swift */ = {isa = PBXFileReference; lastKnownFileType = sourcecode.swift; path = Extensions.swift; sourceTree = "<group>"; };
		5474D80C2A4AD2AA00F57146 /* TitleCollectionViewCell.swift */ = {isa = PBXFileReference; lastKnownFileType = sourcecode.swift; path = TitleCollectionViewCell.swift; sourceTree = "<group>"; };
		5474D8132A4B501400F57146 /* TitleTableViewCell.swift */ = {isa = PBXFileReference; lastKnownFileType = sourcecode.swift; path = TitleTableViewCell.swift; sourceTree = "<group>"; };
		5474D8152A4B577800F57146 /* TitleViewModel.swift */ = {isa = PBXFileReference; lastKnownFileType = sourcecode.swift; path = TitleViewModel.swift; sourceTree = "<group>"; };
		547C5A792A49AF51004618A0 /* APICaller.swift */ = {isa = PBXFileReference; lastKnownFileType = sourcecode.swift; path = APICaller.swift; sourceTree = "<group>"; };
/* End PBXFileReference section */

/* Begin PBXFrameworksBuildPhase section */
		54211A472A480DC5000EB02E /* Frameworks */ = {
			isa = PBXFrameworksBuildPhase;
			buildActionMask = 2147483647;
			files = (
				5474D8122A4AD42A00F57146 /* SDWebImageMapKit in Frameworks */,
				5474D8102A4AD42A00F57146 /* SDWebImage in Frameworks */,
			);
			runOnlyForDeploymentPostprocessing = 0;
		};
/* End PBXFrameworksBuildPhase section */

/* Begin PBXGroup section */
		54211A412A480DC5000EB02E = {
			isa = PBXGroup;
			children = (
				54211A4C2A480DC5000EB02E /* Netflix Clone */,
				54211A4B2A480DC5000EB02E /* Products */,
			);
			sourceTree = "<group>";
		};
		54211A4B2A480DC5000EB02E /* Products */ = {
			isa = PBXGroup;
			children = (
				54211A4A2A480DC5000EB02E /* Netflix Clone.app */,
			);
			name = Products;
			sourceTree = "<group>";
		};
		54211A4C2A480DC5000EB02E /* Netflix Clone */ = {
			isa = PBXGroup;
			children = (
				54211A6F2A4827E7000EB02E /* Managers */,
				54211A6E2A4827E0000EB02E /* Resources */,
				54211A6D2A4827C7000EB02E /* Models */,
				54211A6C2A4827BD000EB02E /* ViewModels */,
				54211A6B2A4827B2000EB02E /* Views */,
				54211A612A48114A000EB02E /* Controllers */,
				54211A4D2A480DC5000EB02E /* AppDelegate.swift */,
				54211A4F2A480DC5000EB02E /* SceneDelegate.swift */,
				54211A512A480DC5000EB02E /* MainTabBarViewController.swift */,
				54211A562A480DC6000EB02E /* Assets.xcassets */,
				54211A582A480DC6000EB02E /* LaunchScreen.storyboard */,
				54211A5B2A480DC6000EB02E /* Info.plist */,
			);
			path = "Netflix Clone";
			sourceTree = "<group>";
		};
		54211A612A48114A000EB02E /* Controllers */ = {
			isa = PBXGroup;
			children = (
				54211A622A481181000EB02E /* HomeViewController.swift */,
				54211A642A4811E4000EB02E /* UpcomingViewController.swift */,
				54211A662A481205000EB02E /* SearchViewController.swift */,
				54211A692A48211A000EB02E /* DownloadsViewController.swift */,
			);
			path = Controllers;
			sourceTree = "<group>";
		};
		54211A6B2A4827B2000EB02E /* Views */ = {
			isa = PBXGroup;
			children = (
				54211A722A482839000EB02E /* CollectionViewTableViewCell.swift */,
				54211A742A482EA6000EB02E /* HeroHeaderUIView.swift */,
				5474D80C2A4AD2AA00F57146 /* TitleCollectionViewCell.swift */,
				5474D8132A4B501400F57146 /* TitleTableViewCell.swift */,
			);
			path = Views;
			sourceTree = "<group>";
		};
		54211A6C2A4827BD000EB02E /* ViewModels */ = {
			isa = PBXGroup;
			children = (
				5474D8152A4B577800F57146 /* TitleViewModel.swift */,
			);
			path = ViewModels;
			sourceTree = "<group>";
		};
		54211A6D2A4827C7000EB02E /* Models */ = {
			isa = PBXGroup;
			children = (
				5474D8062A4ABEDE00F57146 /* Title.swift */,
			);
			path = Models;
			sourceTree = "<group>";
		};
		54211A6E2A4827E0000EB02E /* Resources */ = {
			isa = PBXGroup;
			children = (
				5474D8082A4AC3B800F57146 /* Extensions.swift */,
			);
			path = Resources;
			sourceTree = "<group>";
		};
		54211A6F2A4827E7000EB02E /* Managers */ = {
			isa = PBXGroup;
			children = (
				547C5A792A49AF51004618A0 /* APICaller.swift */,
			);
			path = Managers;
			sourceTree = "<group>";
		};
/* End PBXGroup section */

/* Begin PBXNativeTarget section */
		54211A492A480DC5000EB02E /* Netflix Clone */ = {
			isa = PBXNativeTarget;
			buildConfigurationList = 54211A5E2A480DC6000EB02E /* Build configuration list for PBXNativeTarget "Netflix Clone" */;
			buildPhases = (
				54211A462A480DC5000EB02E /* Sources */,
				54211A472A480DC5000EB02E /* Frameworks */,
				54211A482A480DC5000EB02E /* Resources */,
			);
			buildRules = (
			);
			dependencies = (
			);
			name = "Netflix Clone";
			packageProductDependencies = (
				5474D80F2A4AD42A00F57146 /* SDWebImage */,
				5474D8112A4AD42A00F57146 /* SDWebImageMapKit */,
			);
			productName = "Netflix Clone";
			productReference = 54211A4A2A480DC5000EB02E /* Netflix Clone.app */;
			productType = "com.apple.product-type.application";
		};
/* End PBXNativeTarget section */

/* Begin PBXProject section */
		54211A422A480DC5000EB02E /* Project object */ = {
			isa = PBXProject;
			attributes = {
				BuildIndependentTargetsInParallel = 1;
				LastSwiftUpdateCheck = 1430;
				LastUpgradeCheck = 1430;
				TargetAttributes = {
					54211A492A480DC5000EB02E = {
						CreatedOnToolsVersion = 14.3.1;
					};
				};
			};
			buildConfigurationList = 54211A452A480DC5000EB02E /* Build configuration list for PBXProject "Netflix Clone" */;
			compatibilityVersion = "Xcode 14.0";
			developmentRegion = en;
			hasScannedForEncodings = 0;
			knownRegions = (
				en,
				Base,
			);
			mainGroup = 54211A412A480DC5000EB02E;
			packageReferences = (
				5474D80E2A4AD42A00F57146 /* XCRemoteSwiftPackageReference "SDWebImage" */,
			);
			productRefGroup = 54211A4B2A480DC5000EB02E /* Products */;
			projectDirPath = "";
			projectRoot = "";
			targets = (
				54211A492A480DC5000EB02E /* Netflix Clone */,
			);
		};
/* End PBXProject section */

/* Begin PBXResourcesBuildPhase section */
		54211A482A480DC5000EB02E /* Resources */ = {
			isa = PBXResourcesBuildPhase;
			buildActionMask = 2147483647;
			files = (
				54211A5A2A480DC6000EB02E /* LaunchScreen.storyboard in Resources */,
				54211A572A480DC6000EB02E /* Assets.xcassets in Resources */,
			);
			runOnlyForDeploymentPostprocessing = 0;
		};
/* End PBXResourcesBuildPhase section */

/* Begin PBXSourcesBuildPhase section */
		54211A462A480DC5000EB02E /* Sources */ = {
			isa = PBXSourcesBuildPhase;
			buildActionMask = 2147483647;
			files = (
				5474D8142A4B501400F57146 /* TitleTableViewCell.swift in Sources */,
				54211A672A481205000EB02E /* SearchViewController.swift in Sources */,
				5474D80D2A4AD2AA00F57146 /* TitleCollectionViewCell.swift in Sources */,
				54211A522A480DC5000EB02E /* MainTabBarViewController.swift in Sources */,
				54211A732A482839000EB02E /* CollectionViewTableViewCell.swift in Sources */,
				547C5A7A2A49AF51004618A0 /* APICaller.swift in Sources */,
				54211A752A482EA6000EB02E /* HeroHeaderUIView.swift in Sources */,
				54211A6A2A48211A000EB02E /* DownloadsViewController.swift in Sources */,
				54211A4E2A480DC5000EB02E /* AppDelegate.swift in Sources */,
				5474D8092A4AC3B800F57146 /* Extensions.swift in Sources */,
				54211A502A480DC5000EB02E /* SceneDelegate.swift in Sources */,
				54211A652A4811E4000EB02E /* UpcomingViewController.swift in Sources */,
				5474D8072A4ABEDE00F57146 /* Title.swift in Sources */,
				54211A632A481181000EB02E /* HomeViewController.swift in Sources */,
				5474D8162A4B577800F57146 /* TitleViewModel.swift in Sources */,
			);
			runOnlyForDeploymentPostprocessing = 0;
		};
/* End PBXSourcesBuildPhase section */

/* Begin PBXVariantGroup section */
		54211A582A480DC6000EB02E /* LaunchScreen.storyboard */ = {
			isa = PBXVariantGroup;
			children = (
				54211A592A480DC6000EB02E /* Base */,
			);
			name = LaunchScreen.storyboard;
			sourceTree = "<group>";
		};
/* End PBXVariantGroup section */

/* Begin XCBuildConfiguration section */
		54211A5C2A480DC6000EB02E /* Debug */ = {
			isa = XCBuildConfiguration;
			buildSettings = {
				ALWAYS_SEARCH_USER_PATHS = NO;
				CLANG_ANALYZER_NONNULL = YES;
				CLANG_ANALYZER_NUMBER_OBJECT_CONVERSION = YES_AGGRESSIVE;
				CLANG_CXX_LANGUAGE_STANDARD = "gnu++20";
				CLANG_ENABLE_MODULES = YES;
				CLANG_ENABLE_OBJC_ARC = YES;
				CLANG_ENABLE_OBJC_WEAK = YES;
				CLANG_WARN_BLOCK_CAPTURE_AUTORELEASING = YES;
				CLANG_WARN_BOOL_CONVERSION = YES;
				CLANG_WARN_COMMA = YES;
				CLANG_WARN_CONSTANT_CONVERSION = YES;
				CLANG_WARN_DEPRECATED_OBJC_IMPLEMENTATIONS = YES;
				CLANG_WARN_DIRECT_OBJC_ISA_USAGE = YES_ERROR;
				CLANG_WARN_DOCUMENTATION_COMMENTS = YES;
				CLANG_WARN_EMPTY_BODY = YES;
				CLANG_WARN_ENUM_CONVERSION = YES;
				CLANG_WARN_INFINITE_RECURSION = YES;
				CLANG_WARN_INT_CONVERSION = YES;
				CLANG_WARN_NON_LITERAL_NULL_CONVERSION = YES;
				CLANG_WARN_OBJC_IMPLICIT_RETAIN_SELF = YES;
				CLANG_WARN_OBJC_LITERAL_CONVERSION = YES;
				CLANG_WARN_OBJC_ROOT_CLASS = YES_ERROR;
				CLANG_WARN_QUOTED_INCLUDE_IN_FRAMEWORK_HEADER = YES;
				CLANG_WARN_RANGE_LOOP_ANALYSIS = YES;
				CLANG_WARN_STRICT_PROTOTYPES = YES;
				CLANG_WARN_SUSPICIOUS_MOVE = YES;
				CLANG_WARN_UNGUARDED_AVAILABILITY = YES_AGGRESSIVE;
				CLANG_WARN_UNREACHABLE_CODE = YES;
				CLANG_WARN__DUPLICATE_METHOD_MATCH = YES;
				COPY_PHASE_STRIP = NO;
				DEBUG_INFORMATION_FORMAT = dwarf;
				ENABLE_STRICT_OBJC_MSGSEND = YES;
				ENABLE_TESTABILITY = YES;
				GCC_C_LANGUAGE_STANDARD = gnu11;
				GCC_DYNAMIC_NO_PIC = NO;
				GCC_NO_COMMON_BLOCKS = YES;
				GCC_OPTIMIZATION_LEVEL = 0;
				GCC_PREPROCESSOR_DEFINITIONS = (
					"DEBUG=1",
					"$(inherited)",
				);
				GCC_WARN_64_TO_32_BIT_CONVERSION = YES;
				GCC_WARN_ABOUT_RETURN_TYPE = YES_ERROR;
				GCC_WARN_UNDECLARED_SELECTOR = YES;
				GCC_WARN_UNINITIALIZED_AUTOS = YES_AGGRESSIVE;
				GCC_WARN_UNUSED_FUNCTION = YES;
				GCC_WARN_UNUSED_VARIABLE = YES;
				IPHONEOS_DEPLOYMENT_TARGET = 14.0;
				MTL_ENABLE_DEBUG_INFO = INCLUDE_SOURCE;
				MTL_FAST_MATH = YES;
				ONLY_ACTIVE_ARCH = YES;
				SDKROOT = iphoneos;
				SWIFT_ACTIVE_COMPILATION_CONDITIONS = DEBUG;
				SWIFT_OPTIMIZATION_LEVEL = "-Onone";
			};
			name = Debug;
		};
		54211A5D2A480DC6000EB02E /* Release */ = {
			isa = XCBuildConfiguration;
			buildSettings = {
				ALWAYS_SEARCH_USER_PATHS = NO;
				CLANG_ANALYZER_NONNULL = YES;
				CLANG_ANALYZER_NUMBER_OBJECT_CONVERSION = YES_AGGRESSIVE;
				CLANG_CXX_LANGUAGE_STANDARD = "gnu++20";
				CLANG_ENABLE_MODULES = YES;
				CLANG_ENABLE_OBJC_ARC = YES;
				CLANG_ENABLE_OBJC_WEAK = YES;
				CLANG_WARN_BLOCK_CAPTURE_AUTORELEASING = YES;
				CLANG_WARN_BOOL_CONVERSION = YES;
				CLANG_WARN_COMMA = YES;
				CLANG_WARN_CONSTANT_CONVERSION = YES;
				CLANG_WARN_DEPRECATED_OBJC_IMPLEMENTATIONS = YES;
				CLANG_WARN_DIRECT_OBJC_ISA_USAGE = YES_ERROR;
				CLANG_WARN_DOCUMENTATION_COMMENTS = YES;
				CLANG_WARN_EMPTY_BODY = YES;
				CLANG_WARN_ENUM_CONVERSION = YES;
				CLANG_WARN_INFINITE_RECURSION = YES;
				CLANG_WARN_INT_CONVERSION = YES;
				CLANG_WARN_NON_LITERAL_NULL_CONVERSION = YES;
				CLANG_WARN_OBJC_IMPLICIT_RETAIN_SELF = YES;
				CLANG_WARN_OBJC_LITERAL_CONVERSION = YES;
				CLANG_WARN_OBJC_ROOT_CLASS = YES_ERROR;
				CLANG_WARN_QUOTED_INCLUDE_IN_FRAMEWORK_HEADER = YES;
				CLANG_WARN_RANGE_LOOP_ANALYSIS = YES;
				CLANG_WARN_STRICT_PROTOTYPES = YES;
				CLANG_WARN_SUSPICIOUS_MOVE = YES;
				CLANG_WARN_UNGUARDED_AVAILABILITY = YES_AGGRESSIVE;
				CLANG_WARN_UNREACHABLE_CODE = YES;
				CLANG_WARN__DUPLICATE_METHOD_MATCH = YES;
				COPY_PHASE_STRIP = NO;
				DEBUG_INFORMATION_FORMAT = "dwarf-with-dsym";
				ENABLE_NS_ASSERTIONS = NO;
				ENABLE_STRICT_OBJC_MSGSEND = YES;
				GCC_C_LANGUAGE_STANDARD = gnu11;
				GCC_NO_COMMON_BLOCKS = YES;
				GCC_WARN_64_TO_32_BIT_CONVERSION = YES;
				GCC_WARN_ABOUT_RETURN_TYPE = YES_ERROR;
				GCC_WARN_UNDECLARED_SELECTOR = YES;
				GCC_WARN_UNINITIALIZED_AUTOS = YES_AGGRESSIVE;
				GCC_WARN_UNUSED_FUNCTION = YES;
				GCC_WARN_UNUSED_VARIABLE = YES;
				IPHONEOS_DEPLOYMENT_TARGET = 14.0;
				MTL_ENABLE_DEBUG_INFO = NO;
				MTL_FAST_MATH = YES;
				SDKROOT = iphoneos;
				SWIFT_COMPILATION_MODE = wholemodule;
				SWIFT_OPTIMIZATION_LEVEL = "-O";
				VALIDATE_PRODUCT = YES;
			};
			name = Release;
		};
		54211A5F2A480DC6000EB02E /* Debug */ = {
			isa = XCBuildConfiguration;
			buildSettings = {
				ASSETCATALOG_COMPILER_APPICON_NAME = AppIcon;
				ASSETCATALOG_COMPILER_GLOBAL_ACCENT_COLOR_NAME = AccentColor;
				CODE_SIGN_STYLE = Automatic;
				CURRENT_PROJECT_VERSION = 1;
				DEVELOPMENT_TEAM = G3GHD95S4N;
				GENERATE_INFOPLIST_FILE = YES;
				INFOPLIST_FILE = "Netflix Clone/Info.plist";
				INFOPLIST_KEY_UIApplicationSupportsIndirectInputEvents = YES;
				INFOPLIST_KEY_UILaunchStoryboardName = LaunchScreen;
				INFOPLIST_KEY_UISupportedInterfaceOrientations_iPad = "UIInterfaceOrientationPortrait UIInterfaceOrientationPortraitUpsideDown UIInterfaceOrientationLandscapeLeft UIInterfaceOrientationLandscapeRight";
				INFOPLIST_KEY_UISupportedInterfaceOrientations_iPhone = "UIInterfaceOrientationPortrait UIInterfaceOrientationLandscapeLeft UIInterfaceOrientationLandscapeRight";
				LD_RUNPATH_SEARCH_PATHS = (
					"$(inherited)",
					"@executable_path/Frameworks",
				);
				MARKETING_VERSION = 1.0;
				PRODUCT_BUNDLE_IDENTIFIER = "com.rustem.Netflix-Clone";
				PRODUCT_NAME = "$(TARGET_NAME)";
				SWIFT_EMIT_LOC_STRINGS = YES;
				SWIFT_VERSION = 5.0;
				TARGETED_DEVICE_FAMILY = "1,2";
			};
			name = Debug;
		};
		54211A602A480DC6000EB02E /* Release */ = {
			isa = XCBuildConfiguration;
			buildSettings = {
				ASSETCATALOG_COMPILER_APPICON_NAME = AppIcon;
				ASSETCATALOG_COMPILER_GLOBAL_ACCENT_COLOR_NAME = AccentColor;
				CODE_SIGN_STYLE = Automatic;
				CURRENT_PROJECT_VERSION = 1;
				DEVELOPMENT_TEAM = G3GHD95S4N;
				GENERATE_INFOPLIST_FILE = YES;
				INFOPLIST_FILE = "Netflix Clone/Info.plist";
				INFOPLIST_KEY_UIApplicationSupportsIndirectInputEvents = YES;
				INFOPLIST_KEY_UILaunchStoryboardName = LaunchScreen;
				INFOPLIST_KEY_UISupportedInterfaceOrientations_iPad = "UIInterfaceOrientationPortrait UIInterfaceOrientationPortraitUpsideDown UIInterfaceOrientationLandscapeLeft UIInterfaceOrientationLandscapeRight";
				INFOPLIST_KEY_UISupportedInterfaceOrientations_iPhone = "UIInterfaceOrientationPortrait UIInterfaceOrientationLandscapeLeft UIInterfaceOrientationLandscapeRight";
				LD_RUNPATH_SEARCH_PATHS = (
					"$(inherited)",
					"@executable_path/Frameworks",
				);
				MARKETING_VERSION = 1.0;
				PRODUCT_BUNDLE_IDENTIFIER = "com.rustem.Netflix-Clone";
				PRODUCT_NAME = "$(TARGET_NAME)";
				SWIFT_EMIT_LOC_STRINGS = YES;
				SWIFT_VERSION = 5.0;
				TARGETED_DEVICE_FAMILY = "1,2";
			};
			name = Release;
		};
/* End XCBuildConfiguration section */

/* Begin XCConfigurationList section */
		54211A452A480DC5000EB02E /* Build configuration list for PBXProject "Netflix Clone" */ = {
			isa = XCConfigurationList;
			buildConfigurations = (
				54211A5C2A480DC6000EB02E /* Debug */,
				54211A5D2A480DC6000EB02E /* Release */,
			);
			defaultConfigurationIsVisible = 0;
			defaultConfigurationName = Release;
		};
		54211A5E2A480DC6000EB02E /* Build configuration list for PBXNativeTarget "Netflix Clone" */ = {
			isa = XCConfigurationList;
			buildConfigurations = (
				54211A5F2A480DC6000EB02E /* Debug */,
				54211A602A480DC6000EB02E /* Release */,
			);
			defaultConfigurationIsVisible = 0;
			defaultConfigurationName = Release;
		};
/* End XCConfigurationList section */

/* Begin XCRemoteSwiftPackageReference section */
		5474D80E2A4AD42A00F57146 /* XCRemoteSwiftPackageReference "SDWebImage" */ = {
			isa = XCRemoteSwiftPackageReference;
			repositoryURL = "https://github.com/SDWebImage/SDWebImage.git";
			requirement = {
				kind = upToNextMajorVersion;
				minimumVersion = 5.0.0;
			};
		};
/* End XCRemoteSwiftPackageReference section */

/* Begin XCSwiftPackageProductDependency section */
		5474D80F2A4AD42A00F57146 /* SDWebImage */ = {
			isa = XCSwiftPackageProductDependency;
			package = 5474D80E2A4AD42A00F57146 /* XCRemoteSwiftPackageReference "SDWebImage" */;
			productName = SDWebImage;
		};
		5474D8112A4AD42A00F57146 /* SDWebImageMapKit */ = {
			isa = XCSwiftPackageProductDependency;
			package = 5474D80E2A4AD42A00F57146 /* XCRemoteSwiftPackageReference "SDWebImage" */;
			productName = SDWebImageMapKit;
		};
/* End XCSwiftPackageProductDependency section */
	};
	rootObject = 54211A422A480DC5000EB02E /* Project object */;
}
